
Microsoft Visual Studio Solution File, Format Version 12.00
# Visual Studio Version 17
VisualStudioVersion = 17.14.37027.9 d17.14
MinimumVisualStudioVersion = 10.0.40219.1
Project("{FAE04EC0-301F-11D3-BF4B-00C04F79EFBC}") = "AdvAssignment03", "AdvAssignment03\AdvAssignment03.csproj", "{CEBFA4A1-551B-4087-8E0C-B24F26AAF86D}"
EndProject
Global
	GlobalSection(SolutionConfigurationPlatforms) = preSolution
		Debug|Any CPU = Debug|Any CPU
		Release|Any CPU = Release|Any CPU
	EndGlobalSection
	GlobalSection(ProjectConfigurationPlatforms) = postSolution
		{CEBFA4A1-551B-4087-8E0C-B24F26AAF86D}.Debug|Any CPU.ActiveCfg = Debug|Any CPU
		{CEBFA4A1-551B-4087-8E0C-B24F26AAF86D}.Debug|Any CPU.Build.0 = Debug|Any CPU
		{CEBFA4A1-551B-4087-8E0C-B24F26AAF86D}.Release|Any CPU.ActiveCfg = Release|Any CPU
		{CEBFA4A1-551B-4087-8E0C-B24F26AAF86D}.Release|Any CPU.Build.0 = Release|Any CPU
	EndGlobalSection
	GlobalSection(SolutionProperties) = preSolution
		HideSolutionNode = FALSE
	EndGlobalSection
	GlobalSection(ExtensibilityGlobals) = postSolution
		SolutionGuid = {62E922E2-C058-4B80-ABBB-C0FC409C5BC1}
	EndGlobalSection
EndGlobal
