
Microsoft Visual Studio Solution File, Format Version 12.00
# Visual Studio Version 17
VisualStudioVersion = 17.14.37203.1 d17.14
MinimumVisualStudioVersion = 10.0.40219.1
Project("{FAE04EC0-301F-11D3-BF4B-00C04F79EFBC}") = "Assgnment02", "Assgnment02\Assgnment02.csproj", "{9CD5A8A9-2418-49A9-8DFA-8424F519D628}"
EndProject
Global
	GlobalSection(SolutionConfigurationPlatforms) = preSolution
		Debug|Any CPU = Debug|Any CPU
		Release|Any CPU = Release|Any CPU
	EndGlobalSection
	GlobalSection(ProjectConfigurationPlatforms) = postSolution
		{9CD5A8A9-2418-49A9-8DFA-8424F519D628}.Debug|Any CPU.ActiveCfg = Debug|Any CPU
		{9CD5A8A9-2418-49A9-8DFA-8424F519D628}.Debug|Any CPU.Build.0 = Debug|Any CPU
		{9CD5A8A9-2418-49A9-8DFA-8424F519D628}.Release|Any CPU.ActiveCfg = Release|Any CPU
		{9CD5A8A9-2418-49A9-8DFA-8424F519D628}.Release|Any CPU.Build.0 = Release|Any CPU
	EndGlobalSection
	GlobalSection(SolutionProperties) = preSolution
		HideSolutionNode = FALSE
	EndGlobalSection
	GlobalSection(ExtensibilityGlobals) = postSolution
		SolutionGuid = {E973CA26-DBA7-4E7B-844F-9D1BBC3830A6}
	EndGlobalSection
EndGlobal
