
Microsoft Visual Studio Solution File, Format Version 12.00
# Visual Studio Version 17
VisualStudioVersion = 17.14.37027.9 d17.14
MinimumVisualStudioVersion = 10.0.40219.1
Project("{FAE04EC0-301F-11D3-BF4B-00C04F79EFBC}") = "Assignment02", "Assignment02\Assignment02.csproj", "{3671FC4B-061B-4BAC-BED1-A01979985551}"
EndProject
Global
	GlobalSection(SolutionConfigurationPlatforms) = preSolution
		Debug|Any CPU = Debug|Any CPU
		Release|Any CPU = Release|Any CPU
	EndGlobalSection
	GlobalSection(ProjectConfigurationPlatforms) = postSolution
		{3671FC4B-061B-4BAC-BED1-A01979985551}.Debug|Any CPU.ActiveCfg = Debug|Any CPU
		{3671FC4B-061B-4BAC-BED1-A01979985551}.Debug|Any CPU.Build.0 = Debug|Any CPU
		{3671FC4B-061B-4BAC-BED1-A01979985551}.Release|Any CPU.ActiveCfg = Release|Any CPU
		{3671FC4B-061B-4BAC-BED1-A01979985551}.Release|Any CPU.Build.0 = Release|Any CPU
	EndGlobalSection
	GlobalSection(SolutionProperties) = preSolution
		HideSolutionNode = FALSE
	EndGlobalSection
	GlobalSection(ExtensibilityGlobals) = postSolution
		SolutionGuid = {C1A02B72-68A0-4795-9A3A-FD4D405EA333}
	EndGlobalSection
EndGlobal
