
Microsoft Visual Studio Solution File, Format Version 12.00
# Visual Studio Version 17
VisualStudioVersion = 17.14.37027.9 d17.14
MinimumVisualStudioVersion = 10.0.40219.1
Project("{FAE04EC0-301F-11D3-BF4B-00C04F79EFBC}") = "Assignment01", "Assignment01\Assignment01.csproj", "{D826B84F-B13B-409A-8489-1AC008AF3010}"
EndProject
Global
	GlobalSection(SolutionConfigurationPlatforms) = preSolution
		Debug|Any CPU = Debug|Any CPU
		Release|Any CPU = Release|Any CPU
	EndGlobalSection
	GlobalSection(ProjectConfigurationPlatforms) = postSolution
		{D826B84F-B13B-409A-8489-1AC008AF3010}.Debug|Any CPU.ActiveCfg = Debug|Any CPU
		{D826B84F-B13B-409A-8489-1AC008AF3010}.Debug|Any CPU.Build.0 = Debug|Any CPU
		{D826B84F-B13B-409A-8489-1AC008AF3010}.Release|Any CPU.ActiveCfg = Release|Any CPU
		{D826B84F-B13B-409A-8489-1AC008AF3010}.Release|Any CPU.Build.0 = Release|Any CPU
	EndGlobalSection
	GlobalSection(SolutionProperties) = preSolution
		HideSolutionNode = FALSE
	EndGlobalSection
	GlobalSection(ExtensibilityGlobals) = postSolution
		SolutionGuid = {68F32A87-0D4B-44E4-907C-38C51A99B182}
	EndGlobalSection
EndGlobal
