
Microsoft Visual Studio Solution File, Format Version 12.00
# Visual Studio Version 17
VisualStudioVersion = 17.14.37203.1 d17.14
MinimumVisualStudioVersion = 10.0.40219.1
Project("{FAE04EC0-301F-11D3-BF4B-00C04F79EFBC}") = "Assignment04", "Assignment04\Assignment04.csproj", "{49B78AB6-6930-4939-BDD5-C015559C9368}"
EndProject
Global
	GlobalSection(SolutionConfigurationPlatforms) = preSolution
		Debug|Any CPU = Debug|Any CPU
		Release|Any CPU = Release|Any CPU
	EndGlobalSection
	GlobalSection(ProjectConfigurationPlatforms) = postSolution
		{49B78AB6-6930-4939-BDD5-C015559C9368}.Debug|Any CPU.ActiveCfg = Debug|Any CPU
		{49B78AB6-6930-4939-BDD5-C015559C9368}.Debug|Any CPU.Build.0 = Debug|Any CPU
		{49B78AB6-6930-4939-BDD5-C015559C9368}.Release|Any CPU.ActiveCfg = Release|Any CPU
		{49B78AB6-6930-4939-BDD5-C015559C9368}.Release|Any CPU.Build.0 = Release|Any CPU
	EndGlobalSection
	GlobalSection(SolutionProperties) = preSolution
		HideSolutionNode = FALSE
	EndGlobalSection
	GlobalSection(ExtensibilityGlobals) = postSolution
		SolutionGuid = {E4380F8F-99A5-4E2D-B7A0-FBFED250B5CF}
	EndGlobalSection
EndGlobal
